
Microsoft Visual Studio Solution File, Format Version 12.00
# Visual Studio Version 16
VisualStudioVersion = 16.0.28803.156
MinimumVisualStudioVersion = 10.0.40219.1
Project("{9A19103F-16F7-4668-BE54-9A1E7A4F7556}") = "VehicleTrading.Website", "VehicleTrading.Website\VehicleTrading.Website.csproj", "{19DD025B-90BB-4FA8-8BD9-C40309E6F151}"
EndProject
Project("{9A19103F-16F7-4668-BE54-9A1E7A4F7556}") = "VehicleTrading.Persistence", "VehicleTrading.Persistence\VehicleTrading.Persistence.csproj", "{9D636EC2-3D10-473C-973D-DA64027F4F3D}"
EndProject
Project("{9A19103F-16F7-4668-BE54-9A1E7A4F7556}") = "VehicleTrading.Core", "VehicleTrading.Core\VehicleTrading.Core.csproj", "{F5B2A3FA-AED5-46A0-8F1D-3C57241B1B0E}"
EndProject
Project("{FAE04EC0-301F-11D3-BF4B-00C04F79EFBC}") = "VehicleTrading.ConsoleApp", "VehicleTrading.ConsoleApp\VehicleTrading.ConsoleApp.csproj", "{64E7894A-7999-4DF7-9A35-45C8541BFA31}"
EndProject
Global
	GlobalSection(SolutionConfigurationPlatforms) = preSolution
		Debug|Any CPU = Debug|Any CPU
		Release|Any CPU = Release|Any CPU
	EndGlobalSection
	GlobalSection(ProjectConfigurationPlatforms) = postSolution
		{19DD025B-90BB-4FA8-8BD9-C40309E6F151}.Debug|Any CPU.ActiveCfg = Debug|Any CPU
		{19DD025B-90BB-4FA8-8BD9-C40309E6F151}.Debug|Any CPU.Build.0 = Debug|Any CPU
		{19DD025B-90BB-4FA8-8BD9-C40309E6F151}.Release|Any CPU.ActiveCfg = Release|Any CPU
		{19DD025B-90BB-4FA8-8BD9-C40309E6F151}.Release|Any CPU.Build.0 = Release|Any CPU
		{9D636EC2-3D10-473C-973D-DA64027F4F3D}.Debug|Any CPU.ActiveCfg = Debug|Any CPU
		{9D636EC2-3D10-473C-973D-DA64027F4F3D}.Debug|Any CPU.Build.0 = Debug|Any CPU
		{9D636EC2-3D10-473C-973D-DA64027F4F3D}.Release|Any CPU.ActiveCfg = Release|Any CPU
		{9D636EC2-3D10-473C-973D-DA64027F4F3D}.Release|Any CPU.Build.0 = Release|Any CPU
		{F5B2A3FA-AED5-46A0-8F1D-3C57241B1B0E}.Debug|Any CPU.ActiveCfg = Debug|Any CPU
		{F5B2A3FA-AED5-46A0-8F1D-3C57241B1B0E}.Debug|Any CPU.Build.0 = Debug|Any CPU
		{F5B2A3FA-AED5-46A0-8F1D-3C57241B1B0E}.Release|Any CPU.ActiveCfg = Release|Any CPU
		{F5B2A3FA-AED5-46A0-8F1D-3C57241B1B0E}.Release|Any CPU.Build.0 = Release|Any CPU
		{64E7894A-7999-4DF7-9A35-45C8541BFA31}.Debug|Any CPU.ActiveCfg = Debug|Any CPU
		{64E7894A-7999-4DF7-9A35-45C8541BFA31}.Debug|Any CPU.Build.0 = Debug|Any CPU
		{64E7894A-7999-4DF7-9A35-45C8541BFA31}.Release|Any CPU.ActiveCfg = Release|Any CPU
		{64E7894A-7999-4DF7-9A35-45C8541BFA31}.Release|Any CPU.Build.0 = Release|Any CPU
	EndGlobalSection
	GlobalSection(SolutionProperties) = preSolution
		HideSolutionNode = FALSE
	EndGlobalSection
	GlobalSection(ExtensibilityGlobals) = postSolution
		SolutionGuid = {C2D6FC49-D2E5-4302-B865-67EBA7556E51}
	EndGlobalSection
EndGlobal
